
Microsoft Visual Studio Solution File, Format Version 12.00
# Visual Studio Version 16
VisualStudioVersion = 16.0.30011.22
MinimumVisualStudioVersion = 10.0.40219.1
Project("{FAE04EC0-301F-11D3-BF4B-00C04F79EFBC}") = "CubicSpline", "CubSpline\CubicSpline.csproj", "{2FD93C86-BF1D-4590-BCFE-A27153938215}"
EndProject
Project("{2150E333-8FDC-42A3-9474-1A3956D46DE8}") = "Solution Items", "Solution Items", "{9864121E-3899-468E-96CC-757021AE190B}"
EndProject
Project("{2150E333-8FDC-42A3-9474-1A3956D46DE8}") = "Inputs", "Inputs", "{46D2DCBD-244A-4364-89EE-C7C8DE2FB46C}"
	ProjectSection(SolutionItems) = preProject
		input1.txt = input1.txt
	EndProjectSection
EndProject
Project("{FAE04EC0-301F-11D3-BF4B-00C04F79EFBC}") = "UnitTests", "UnitTests\UnitTests.csproj", "{C3623A81-1AB2-4DC2-B1B0-F273F8C57E11}"
EndProject
Global
	GlobalSection(SolutionConfigurationPlatforms) = preSolution
		Debug|Any CPU = Debug|Any CPU
		Release|Any CPU = Release|Any CPU
	EndGlobalSection
	GlobalSection(ProjectConfigurationPlatforms) = postSolution
		{2FD93C86-BF1D-4590-BCFE-A27153938215}.Debug|Any CPU.ActiveCfg = Debug|Any CPU
		{2FD93C86-BF1D-4590-BCFE-A27153938215}.Debug|Any CPU.Build.0 = Debug|Any CPU
		{2FD93C86-BF1D-4590-BCFE-A27153938215}.Release|Any CPU.ActiveCfg = Release|Any CPU
		{2FD93C86-BF1D-4590-BCFE-A27153938215}.Release|Any CPU.Build.0 = Release|Any CPU
		{C3623A81-1AB2-4DC2-B1B0-F273F8C57E11}.Debug|Any CPU.ActiveCfg = Debug|Any CPU
		{C3623A81-1AB2-4DC2-B1B0-F273F8C57E11}.Debug|Any CPU.Build.0 = Debug|Any CPU
		{C3623A81-1AB2-4DC2-B1B0-F273F8C57E11}.Release|Any CPU.ActiveCfg = Release|Any CPU
		{C3623A81-1AB2-4DC2-B1B0-F273F8C57E11}.Release|Any CPU.Build.0 = Release|Any CPU
	EndGlobalSection
	GlobalSection(SolutionProperties) = preSolution
		HideSolutionNode = FALSE
	EndGlobalSection
	GlobalSection(NestedProjects) = preSolution
		{46D2DCBD-244A-4364-89EE-C7C8DE2FB46C} = {9864121E-3899-468E-96CC-757021AE190B}
	EndGlobalSection
	GlobalSection(ExtensibilityGlobals) = postSolution
		SolutionGuid = {9199F63C-E427-4BD7-8AD1-F01ADC8C0B60}
	EndGlobalSection
EndGlobal
